name: Update flake.lock

on:
  schedule:
    - cron: "0 0 * * 4"
  workflow_dispatch:

permissions:
  contents: write
  pull-requests: write

jobs:
  update:
    runs-on: ubuntu-latest
    steps:
      - name: Checkout repository
        uses: actions/checkout@v4

      - name: Install Nix
        uses: DeterminateSystems/nix-installer-action@v14

      - name: Setup Nix cache
        uses: DeterminateSystems/magic-nix-cache-action@v8

      - name: Configure Git identity
        run: |
          git config user.name "github-actions[bot]"
          git config user.email "github-actions[bot]@users.noreply.github.com"

      - name: Update flake.lock
        run: nix flake update --commit-lock-file

      - name: Create Pull Request
        uses: peter-evans/create-pull-request@v7
        with:
          branch: chore/update-flake-lock
          title: "chore: update flake.lock"
          body: |
            Weekly automated update of `flake.lock`.

            This PR was generated by the `update-flake-lock` workflow.
          delete-branch: true
